
Microsoft Visual Studio Solution File, Format Version 12.00
# Visual Studio Version 17
VisualStudioVersion = 17.2.32630.192
MinimumVisualStudioVersion = 10.0.40219.1
Project("{9A19103F-16F7-4668-BE54-9A1E7A4F7556}") = "CL.WebApi", "CL.WebApi\CL.WebApi.csproj", "{4DEAFDB7-00CC-41F5-A848-939DEFDCD6D7}"
EndProject
Project("{2150E333-8FDC-42A3-9474-1A3956D46DE8}") = "01.CL.WebApi", "01.CL.WebApi", "{3AF982CA-9268-46D1-B69D-CDE4EE64F78F}"
EndProject
Project("{2150E333-8FDC-42A3-9474-1A3956D46DE8}") = "02.CL.Manager", "02.CL.Manager", "{311B841F-31BE-475B-B5DA-8D8A3801C852}"
EndProject
Project("{2150E333-8FDC-42A3-9474-1A3956D46DE8}") = "03.CL.Data", "03.CL.Data", "{5122E477-966F-4C65-9656-F952CD1D43BA}"
EndProject
Project("{2150E333-8FDC-42A3-9474-1A3956D46DE8}") = "04.CL.Core", "04.CL.Core", "{CF616D6A-82E6-4483-B857-D330484FC591}"
EndProject
Project("{2150E333-8FDC-42A3-9474-1A3956D46DE8}") = "05.CL.Tests", "05.CL.Tests", "{13A6D48A-8A6B-40F5-A959-A92248D7BAE4}"
EndProject
Project("{FAE04EC0-301F-11D3-BF4B-00C04F79EFBC}") = "CL.Manager", "CL.Manager\CL.Manager.csproj", "{0D06183B-0F69-4F17-A8DD-D1D616303D8C}"
EndProject
Project("{FAE04EC0-301F-11D3-BF4B-00C04F79EFBC}") = "CL.Data", "CL.Data\CL.Data.csproj", "{F80EB9D4-0C07-49D9-A505-A5B45F0E525F}"
EndProject
Project("{FAE04EC0-301F-11D3-BF4B-00C04F79EFBC}") = "CL.Core", "CL.Core\CL.Core.csproj", "{A273DC48-4EF4-48F5-8284-D7EE2B9CE15D}"
EndProject
Project("{FAE04EC0-301F-11D3-BF4B-00C04F79EFBC}") = "CL.Tests", "CL.Tests\CL.Tests.csproj", "{9244563A-E98D-4297-91A7-B3110C474685}"
EndProject
Project("{FAE04EC0-301F-11D3-BF4B-00C04F79EFBC}") = "CL.Core.Shared", "CL.Core.Shared\CL.Core.Shared.csproj", "{9D1DA924-4462-49A0-8518-567E90D659F5}"
EndProject
Global
	GlobalSection(SolutionConfigurationPlatforms) = preSolution
		Debug|Any CPU = Debug|Any CPU
		Release|Any CPU = Release|Any CPU
	EndGlobalSection
	GlobalSection(ProjectConfigurationPlatforms) = postSolution
		{4DEAFDB7-00CC-41F5-A848-939DEFDCD6D7}.Debug|Any CPU.ActiveCfg = Debug|Any CPU
		{4DEAFDB7-00CC-41F5-A848-939DEFDCD6D7}.Debug|Any CPU.Build.0 = Debug|Any CPU
		{4DEAFDB7-00CC-41F5-A848-939DEFDCD6D7}.Release|Any CPU.ActiveCfg = Release|Any CPU
		{4DEAFDB7-00CC-41F5-A848-939DEFDCD6D7}.Release|Any CPU.Build.0 = Release|Any CPU
		{0D06183B-0F69-4F17-A8DD-D1D616303D8C}.Debug|Any CPU.ActiveCfg = Debug|Any CPU
		{0D06183B-0F69-4F17-A8DD-D1D616303D8C}.Debug|Any CPU.Build.0 = Debug|Any CPU
		{0D06183B-0F69-4F17-A8DD-D1D616303D8C}.Release|Any CPU.ActiveCfg = Release|Any CPU
		{0D06183B-0F69-4F17-A8DD-D1D616303D8C}.Release|Any CPU.Build.0 = Release|Any CPU
		{F80EB9D4-0C07-49D9-A505-A5B45F0E525F}.Debug|Any CPU.ActiveCfg = Debug|Any CPU
		{F80EB9D4-0C07-49D9-A505-A5B45F0E525F}.Debug|Any CPU.Build.0 = Debug|Any CPU
		{F80EB9D4-0C07-49D9-A505-A5B45F0E525F}.Release|Any CPU.ActiveCfg = Release|Any CPU
		{F80EB9D4-0C07-49D9-A505-A5B45F0E525F}.Release|Any CPU.Build.0 = Release|Any CPU
		{A273DC48-4EF4-48F5-8284-D7EE2B9CE15D}.Debug|Any CPU.ActiveCfg = Debug|Any CPU
		{A273DC48-4EF4-48F5-8284-D7EE2B9CE15D}.Debug|Any CPU.Build.0 = Debug|Any CPU
		{A273DC48-4EF4-48F5-8284-D7EE2B9CE15D}.Release|Any CPU.ActiveCfg = Release|Any CPU
		{A273DC48-4EF4-48F5-8284-D7EE2B9CE15D}.Release|Any CPU.Build.0 = Release|Any CPU
		{9244563A-E98D-4297-91A7-B3110C474685}.Debug|Any CPU.ActiveCfg = Debug|Any CPU
		{9244563A-E98D-4297-91A7-B3110C474685}.Debug|Any CPU.Build.0 = Debug|Any CPU
		{9244563A-E98D-4297-91A7-B3110C474685}.Release|Any CPU.ActiveCfg = Release|Any CPU
		{9244563A-E98D-4297-91A7-B3110C474685}.Release|Any CPU.Build.0 = Release|Any CPU
		{9D1DA924-4462-49A0-8518-567E90D659F5}.Debug|Any CPU.ActiveCfg = Debug|Any CPU
		{9D1DA924-4462-49A0-8518-567E90D659F5}.Debug|Any CPU.Build.0 = Debug|Any CPU
		{9D1DA924-4462-49A0-8518-567E90D659F5}.Release|Any CPU.ActiveCfg = Release|Any CPU
		{9D1DA924-4462-49A0-8518-567E90D659F5}.Release|Any CPU.Build.0 = Release|Any CPU
	EndGlobalSection
	GlobalSection(SolutionProperties) = preSolution
		HideSolutionNode = FALSE
	EndGlobalSection
	GlobalSection(NestedProjects) = preSolution
		{4DEAFDB7-00CC-41F5-A848-939DEFDCD6D7} = {3AF982CA-9268-46D1-B69D-CDE4EE64F78F}
		{0D06183B-0F69-4F17-A8DD-D1D616303D8C} = {311B841F-31BE-475B-B5DA-8D8A3801C852}
		{F80EB9D4-0C07-49D9-A505-A5B45F0E525F} = {5122E477-966F-4C65-9656-F952CD1D43BA}
		{A273DC48-4EF4-48F5-8284-D7EE2B9CE15D} = {CF616D6A-82E6-4483-B857-D330484FC591}
		{9244563A-E98D-4297-91A7-B3110C474685} = {13A6D48A-8A6B-40F5-A959-A92248D7BAE4}
		{9D1DA924-4462-49A0-8518-567E90D659F5} = {CF616D6A-82E6-4483-B857-D330484FC591}
	EndGlobalSection
	GlobalSection(ExtensibilityGlobals) = postSolution
		SolutionGuid = {ED7D3371-4E36-467A-A7F1-11483E58DD11}
	EndGlobalSection
EndGlobal
